{
  "nodes": {
    "hardware": {
      "locked": {
        "lastModified": 1647447644,
        "narHash": "sha256-Di7ZCXjQKEys+jxgl8Mp7a8nowRSeAbzH8c9QNYkw2k=",
        "owner": "NixOS",
        "repo": "nixos-hardware",
        "rev": "32f61571b486efc987baca553fb35df22532ba63",
        "type": "github"
      },
      "original": {
        "owner": "NixOS",
        "repo": "nixos-hardware",
        "type": "github"
      }
    },
    "homeManager": {
      "inputs": {
        "nixpkgs": [
          "unstable"
        ]
      },
      "locked": {
        "lastModified": 1647903177,
        "narHash": "sha256-9aWSpW/F8POA/7cuVpoqhVGfjAgcGRIinwxUaXmUpkk=",
        "owner": "nix-community",
        "repo": "home-manager",
        "rev": "80b4360678fa7890964ba8e40a722985bf8d107e",
        "type": "github"
      },
      "original": {
        "owner": "nix-community",
        "repo": "home-manager",
        "type": "github"
      }
    },
    "nixColors": {
      "locked": {
        "lastModified": 1644753863,
        "narHash": "sha256-Mc+EIc8p4x3wqAcR7JL2njgv5St9t0booUYvS9z5Jf8=",
        "owner": "misterio77",
        "repo": "nix-colors",
        "rev": "95a55cd97d7920211d5e2e8d154c65c36c92a50f",
        "type": "github"
      },
      "original": {
        "owner": "misterio77",
        "repo": "nix-colors",
        "type": "github"
      }
    },
    "nur": {
      "locked": {
        "lastModified": 1647951407,
        "narHash": "sha256-nUVdUa8XwIpHtVRuiSzsBbIMNAPkR/OQ1VrJZHY5AII=",
        "owner": "nix-community",
        "repo": "nur",
        "rev": "7248231649a479fd4e99ee8030ad8a0bbc188380",
        "type": "github"
      },
      "original": {
        "owner": "nix-community",
        "repo": "nur",
        "type": "github"
      }
    },
    "root": {
      "inputs": {
        "hardware": "hardware",
        "homeManager": "homeManager",
        "nixColors": "nixColors",
        "nur": "nur",
        "stable": "stable",
        "unstable": "unstable",
        "utils": "utils"
      }
    },
    "stable": {
      "locked": {
        "lastModified": 1647820583,
        "narHash": "sha256-2awN2f/dXpVvms6zo2e4TBaZDtQNucMrruqNPIvb518=",
        "owner": "nixos",
        "repo": "nixpkgs",
        "rev": "01e87b327aa89d9d60fba192085bccddaa2d1b24",
        "type": "github"
      },
      "original": {
        "owner": "nixos",
        "ref": "nixos-21.11",
        "repo": "nixpkgs",
        "type": "github"
      }
    },
    "unstable": {
      "locked": {
        "lastModified": 1647800324,
        "narHash": "sha256-rjwoxrk16zfrcO5Torh6CbAd5GHsHrXw+EwxOvh9AUI=",
        "owner": "nixos",
        "repo": "nixpkgs",
        "rev": "9bc841fec1c0e8b9772afa29f934d2c7ce57da8e",
        "type": "github"
      },
      "original": {
        "owner": "nixos",
        "ref": "nixos-unstable",
        "repo": "nixpkgs",
        "type": "github"
      }
    },
    "utils": {
      "locked": {
        "lastModified": 1644229661,
        "narHash": "sha256-1YdnJAsNy69bpcjuoKdOYQX0YxZBiCYZo4Twxerqv7k=",
        "owner": "numtide",
        "repo": "flake-utils",
        "rev": "3cecb5b042f7f209c56ffd8371b2711a290ec797",
        "type": "github"
      },
      "original": {
        "owner": "numtide",
        "repo": "flake-utils",
        "type": "github"
      }
    }
  },
  "root": "root",
  "version": 7
}
