{
  "nodes": {
    "hardware": {
      "locked": {
        "lastModified": 1648141026,
        "narHash": "sha256-h8e3+5EZFbYHTMb0DN2ACuQTJBNHpqigvmEV1w2WIuE=",
        "owner": "NixOS",
        "repo": "nixos-hardware",
        "rev": "feceb4d24f582817d8f6e737cd40af9e162dee05",
        "type": "github"
      },
      "original": {
        "owner": "NixOS",
        "repo": "nixos-hardware",
        "type": "github"
      }
    },
    "homeManager": {
      "inputs": {
        "nixpkgs": [
          "unstable"
        ]
      },
      "locked": {
        "lastModified": 1648677361,
        "narHash": "sha256-WA7F77XrvIjNaAyW6/D06/xVdbr3TNchHHB+oJbyDio=",
        "owner": "nix-community",
        "repo": "home-manager",
        "rev": "9580f6c42af2535dc7890edb681ead090f5105f2",
        "type": "github"
      },
      "original": {
        "owner": "nix-community",
        "repo": "home-manager",
        "type": "github"
      }
    },
    "nixColors": {
      "locked": {
        "lastModified": 1644753863,
        "narHash": "sha256-Mc+EIc8p4x3wqAcR7JL2njgv5St9t0booUYvS9z5Jf8=",
        "owner": "misterio77",
        "repo": "nix-colors",
        "rev": "95a55cd97d7920211d5e2e8d154c65c36c92a50f",
        "type": "github"
      },
      "original": {
        "owner": "misterio77",
        "repo": "nix-colors",
        "type": "github"
      }
    },
    "nur": {
      "locked": {
        "lastModified": 1648684422,
        "narHash": "sha256-OMhK1x9RetUdVewsoFASilZzeE5ru2dmRiITqzmlhZc=",
        "owner": "nix-community",
        "repo": "nur",
        "rev": "92bc73ba850f648457bbb955c73a875893c4f346",
        "type": "github"
      },
      "original": {
        "owner": "nix-community",
        "repo": "nur",
        "type": "github"
      }
    },
    "root": {
      "inputs": {
        "hardware": "hardware",
        "homeManager": "homeManager",
        "nixColors": "nixColors",
        "nur": "nur",
        "unstable": "unstable"
      }
    },
    "unstable": {
      "locked": {
        "lastModified": 1648390671,
        "narHash": "sha256-u69opCeHUx3CsdIerD0wVSR+DjfDQjnztObqfk9Trqc=",
        "owner": "nixos",
        "repo": "nixpkgs",
        "rev": "ce8cbe3c01fd8ee2de526ccd84bbf9b82397a510",
        "type": "github"
      },
      "original": {
        "owner": "nixos",
        "ref": "nixos-unstable",
        "repo": "nixpkgs",
        "type": "github"
      }
    }
  },
  "root": "root",
  "version": 7
}
